
Microsoft Visual Studio Solution File, Format Version 12.00
# Visual Studio 2015
Project("{FAE04EC0-301F-11D3-BF4B-00C04F79EFBC}") = "UnityAdventureTutorial-Condition", "UnityAdventureTutorial-Condition.csproj", "{3BB643FB-4D11-B01D-1BC2-0948A28D0498}"
EndProject
Project("{FAE04EC0-301F-11D3-BF4B-00C04F79EFBC}") = "UnityAdventureTutorial-Condition.Editor", "UnityAdventureTutorial-Condition.Editor.csproj", "{02E12362-C31B-10BF-D823-649A44D72D6B}"
EndProject
Global
	GlobalSection(SolutionConfigurationPlatforms) = preSolution
		Debug|Any CPU = Debug|Any CPU
		Release|Any CPU = Release|Any CPU
	EndGlobalSection
	GlobalSection(ProjectConfigurationPlatforms) = postSolution
		{3BB643FB-4D11-B01D-1BC2-0948A28D0498}.Debug|Any CPU.ActiveCfg = Debug|Any CPU
		{3BB643FB-4D11-B01D-1BC2-0948A28D0498}.Debug|Any CPU.Build.0 = Debug|Any CPU
		{3BB643FB-4D11-B01D-1BC2-0948A28D0498}.Release|Any CPU.ActiveCfg = Release|Any CPU
		{3BB643FB-4D11-B01D-1BC2-0948A28D0498}.Release|Any CPU.Build.0 = Release|Any CPU
		{02E12362-C31B-10BF-D823-649A44D72D6B}.Debug|Any CPU.ActiveCfg = Debug|Any CPU
		{02E12362-C31B-10BF-D823-649A44D72D6B}.Debug|Any CPU.Build.0 = Debug|Any CPU
		{02E12362-C31B-10BF-D823-649A44D72D6B}.Release|Any CPU.ActiveCfg = Release|Any CPU
		{02E12362-C31B-10BF-D823-649A44D72D6B}.Release|Any CPU.Build.0 = Release|Any CPU
	EndGlobalSection
	GlobalSection(SolutionProperties) = preSolution
		HideSolutionNode = FALSE
	EndGlobalSection
EndGlobal
